
Microsoft Visual Studio Solution File, Format Version 12.00
# Visual Studio Version 17
VisualStudioVersion = 17.4.33213.308
MinimumVisualStudioVersion = 10.0.40219.1
Project("{FAE04EC0-301F-11D3-BF4B-00C04F79EFBC}") = "NvidiaTeslaCardChangeMode", "NvidiaTeslaCardChangeMode\NvidiaTeslaCardChangeMode.csproj", "{25ED2149-4E55-4944-A7ED-769A2AD31246}"
EndProject
Global
	GlobalSection(SolutionConfigurationPlatforms) = preSolution
		Debug|Any CPU = Debug|Any CPU
		Release|Any CPU = Release|Any CPU
	EndGlobalSection
	GlobalSection(ProjectConfigurationPlatforms) = postSolution
		{25ED2149-4E55-4944-A7ED-769A2AD31246}.Debug|Any CPU.ActiveCfg = Debug|Any CPU
		{25ED2149-4E55-4944-A7ED-769A2AD31246}.Debug|Any CPU.Build.0 = Debug|Any CPU
		{25ED2149-4E55-4944-A7ED-769A2AD31246}.Release|Any CPU.ActiveCfg = Release|Any CPU
		{25ED2149-4E55-4944-A7ED-769A2AD31246}.Release|Any CPU.Build.0 = Release|Any CPU
	EndGlobalSection
	GlobalSection(SolutionProperties) = preSolution
		HideSolutionNode = FALSE
	EndGlobalSection
	GlobalSection(ExtensibilityGlobals) = postSolution
		SolutionGuid = {3204633D-62BB-435B-93C5-E634C78743DB}
	EndGlobalSection
EndGlobal
